<?xml version="1.0" encoding="utf-8"?>
<Project ToolsVersion="4.0" xmlns="http://schemas.microsoft.com/developer/msbuild/2003">
  <ItemGroup>
    <ClInclude Include="src\debug.h" />
    <ClInclude Include="src\myUtil\AppState.h" />
    <ClInclude Include="src\myUtil\arrayUtil.h" />
    <ClInclude Include="src\myUtil\ChildBase.h" />
    <ClInclude Include="src\myUtil\ChildrenPool.h" />
    <ClInclude Include="src\myUtil\CoroTask.h" />
    <ClInclude Include="src\myUtil\coroUtil.h" />
    <ClInclude Include="src\myUtil\CoroutineManager.h" />
    <ClInclude Include="src\myUtil\DirChangeDetector.h" />
    <ClInclude Include="src\myUtil\easing.h" />
    <ClInclude Include="src\myUtil\FileChangeDetector.h" />
    <ClInclude Include="src\myUtil\FontResource.h" />
    <ClInclude Include="src\myUtil\myUtil.h" />
    <ClInclude Include="src\myUtil\Graph.h" />
    <ClInclude Include="src\myUtil\GraphBlend.h" />
    <ClInclude Include="src\myUtil\log.h" />
    <ClInclude Include="src\myUtil\MouseState.h" />
    <ClInclude Include="src\myUtil\ProcessTimer.h" />
    <ClInclude Include="src\myUtil\Random.h" />
    <ClInclude Include="src\myUtil\Range.h" />
    <ClInclude Include="src\myUtil\Rect.h" />
    <ClInclude Include="src\myUtil\ReferencePool.h" />
    <ClInclude Include="src\myUtil\renderingProcess.h" />
    <ClInclude Include="src\myUtil\Rgba.h" />
    <ClInclude Include="src\myUtil\Singleton.h" />
    <ClInclude Include="src\myUtil\SpriteTexture.h" />
    <ClInclude Include="src\myUtil\SprRectCollider.h" />
    <ClInclude Include="src\myUtil\SprRectColliderManager.h" />
    <ClInclude Include="src\myUtil\TempRenderTargetChanger.h" />
    <ClInclude Include="src\myUtil\textureAnimator\textureAnimation.h" />
    <ClInclude Include="src\myUtil\textureAnimator\TextureAnimationEaser.h" />
    <ClInclude Include="src\myUtil\textureAnimator\TextureAnimationProcessor.h" />
    <ClInclude Include="src\myUtil\TextureAnimator.h" />
    <ClInclude Include="src\myUtil\TextureText.h" />
    <ClInclude Include="src\myUtil\Time.h" />
    <ClInclude Include="src\myUtil\UniqueCollection.h" />
    <ClInclude Include="src\myUtil\Vec2.h" />
    <ClInclude Include="src\myUtil\WeakCollection.h" />
    <ClInclude Include="src\myUtil\WeakPtr.h" />
    <ClInclude Include="src\GameProcess.h" />
    <ClInclude Include="src\myGame\ActorBase.h" />
    <ClInclude Include="src\myGame\Angle.h" />
    <ClInclude Include="src\myGame\AnimTest.h" />
    <ClInclude Include="src\myUtil\Boolean.h" />
    <ClInclude Include="src\myGame\character\BigTree.h" />
    <ClInclude Include="src\myGame\character\Carrot.h" />
    <ClInclude Include="src\myGame\character\Catfish.h" />
    <ClInclude Include="src\myGame\character\CharacterBase.h" />
    <ClInclude Include="src\myGame\character\CheckpointBlock.h" />
    <ClInclude Include="src\myGame\character\Fairy.h" />
    <ClInclude Include="src\myGame\character\GlassFloor.h" />
    <ClInclude Include="src\myGame\character\GrowingChick.h" />
    <ClInclude Include="src\myGame\character\MineFlower.h" />
    <ClInclude Include="src\myGame\character\MovableObjectLogic.h" />
    <ClInclude Include="src\myGame\character\PuniCat.h" />
    <ClInclude Include="src\myGame\character\SmallTree.h" />
    <ClInclude Include="src\myGame\character\SolidRock.h" />
    <ClInclude Include="src\myGame\character\SwitchAcorn.h" />
    <ClInclude Include="src\myGame\character\SwitchButton.h" />
    <ClInclude Include="src\myGame\character\WarpTile.h" />
    <ClInclude Include="src\myGame\character\WinTile.h" />
    <ClInclude Include="src\myGame\CharacterViewModel.h" />
    <ClInclude Include="src\myGame\effect\BurningFire.h" />
    <ClInclude Include="src\myGame\effect\GeoExplosion.h" />
    <ClInclude Include="src\myGame\effect\SakuraFormation.h" />
    <ClInclude Include="src\myGame\effect\ScatteredStar.h" />
    <ClInclude Include="src\myGame\effect\Smoke.h" />
    <ClInclude Include="src\myGame\effect\SpiritualController.h" />
    <ClInclude Include="src\myGame\effect\SpiritualElement.h" />
    <ClInclude Include="src\myGame\effect\TextureScrapping.h" />
    <ClInclude Include="src\myGame\effect\WarpLoops.h" />
    <ClInclude Include="src\myGame\EffectManager.h" />
    <ClInclude Include="src\myGame\field\FieldRenderer.h" />
    <ClInclude Include="src\myGame\field\StaticTileset.h" />
    <ClInclude Include="src\myGame\field\tileMap\ReadObjectInObjectGroup.h" />
    <ClInclude Include="src\myGame\field\tileMap\SummonCharacterByChip.h" />
    <ClInclude Include="src\myGame\field\TileMap.h" />
    <ClInclude Include="src\myGame\field\TileMapMatElement.h" />
    <ClInclude Include="src\myGame\FieldEventManager.h" />
    <ClInclude Include="src\myGame\FieldManager.h" />
    <ClInclude Include="src\myGame\FontTest.h" />
    <ClInclude Include="src\myGame\GameLooper.h" />
    <ClInclude Include="src\myGame\GameRoot.h" />
    <ClInclude Include="src\myUtil\IntCounter.h" />
    <ClInclude Include="src\myGame\LibraryTest.h" />
    <ClInclude Include="src\myGame\LuaEngine.h" />
    <ClInclude Include="src\myGame\MainScene.h" />
    <ClInclude Include="src\myGame\MatPos.h" />
    <ClInclude Include="src\myGame\MineFlowerClass.h" />
    <ClInclude Include="src\myGame\MineFlowerManager.h" />
    <ClInclude Include="src\myGame\NineAnchor.h" />
    <ClInclude Include="src\myGame\NinePatchImage.h" />
    <ClInclude Include="src\myGame\ParabolaAnimation.h" />
    <ClInclude Include="src\myGame\pixel.h" />
    <ClInclude Include="src\myGame\player\input.h" />
    <ClInclude Include="src\myGame\player\PlayerActionData.h" />
    <ClInclude Include="src\myGame\player\PlayerAnimation.h" />
    <ClInclude Include="src\myGame\player\PlayerMoveData.h" />
    <ClInclude Include="src\myGame\player\PlayerScroll.h" />
    <ClInclude Include="src\myGame\player\PlayerState.h" />
    <ClInclude Include="src\myGame\Player.h" />
    <ClInclude Include="src\myGame\PollFlag.h" />
    <ClInclude Include="src\myGame\RemainingMineUi.h" />
    <ClInclude Include="src\myGame\resource\Font.h" />
    <ClInclude Include="src\myGame\resource\Image.h" />
    <ClInclude Include="src\myGame\rx.h" />
    <ClInclude Include="src\myGame\ScrollManager.h" />
    <ClInclude Include="src\myGame\SimpleTextLabel.h" />
    <ClInclude Include="src\myGame\StageClearEvent.h" />
    <ClInclude Include="src\myGame\SteppedOnMineEvent.h" />
    <ClInclude Include="src\myGame\SwitchAcornManager.h" />
    <ClInclude Include="src\myGame\TalkingBalloon.h" />
    <ClInclude Include="src\myGame\test\EffectTest.h" />
    <ClInclude Include="src\myGame\test\FieldViewTest.h" />
    <ClInclude Include="src\myGame\TextPassage.h" />
    <ClInclude Include="src\myGame\title\MenuScene.h" />
    <ClInclude Include="src\myGame\title\PlusMinusSign.h" />
    <ClInclude Include="src\myGame\title\ScreenshotView.h" />
    <ClInclude Include="src\myGame\title\StageClearInfoView.h" />
    <ClInclude Include="src\myGame\title\StageContainer.h" />
    <ClInclude Include="src\myGame\title\StageView.h" />
    <ClInclude Include="src\myGame\title\TitleBackground.h" />
    <ClInclude Include="src\myGame\title\zParam.h" />
    <ClInclude Include="src\myUtil\UpFlag.h" />
    <ClInclude Include="src\myGame\util.h" />
    <ClInclude Include="src\myGame\WarpManager.h" />
    <ClInclude Include="src\myGame\ZIndex.h" />
    <ClInclude Include="include\stdafx.h" />
    <ClInclude Include="src\myGame\field\renderBackmostGrass.h" />
    <ClInclude Include="src\myGame\InterludeCurtain.h" />
    <ClInclude Include="src\myGame\ScreenSweeper.h" />
    <ClInclude Include="src\myGame\DebugMetaInfoView.h" />
    <ClInclude Include="src\myGame\RetirementHelp.h" />
  </ItemGroup>
  <ItemGroup>
    <ClCompile Include="src\myUtil\AppState.cpp" />
    <ClCompile Include="src\myUtil\arrayUtil.cpp" />
    <ClCompile Include="src\myUtil\ChildBase.cpp" />
    <ClCompile Include="src\myUtil\coroUtil.cpp" />
    <ClCompile Include="src\myUtil\CoroutineManager.cpp" />
    <ClCompile Include="src\myUtil\DirChangeDetector.cpp" />
    <ClCompile Include="src\myUtil\easing.cpp" />
    <ClCompile Include="src\myUtil\FileChangeDetector.cpp" />
    <ClCompile Include="src\myUtil\FontResource.cpp" />
    <ClCompile Include="src\myUtil\Graph.cpp" />
    <ClCompile Include="src\myUtil\GraphBlend.cpp" />
    <ClCompile Include="src\myUtil\MouseState.cpp" />
    <ClCompile Include="src\myUtil\ProcessTimer.cpp" />
    <ClCompile Include="src\myUtil\Random.cpp" />
    <ClCompile Include="src\myUtil\renderingProcess.cpp" />
    <ClCompile Include="src\myUtil\Rgba.cpp" />
    <ClCompile Include="src\myUtil\SpriteTexture.cpp" />
    <ClCompile Include="src\myUtil\SprRectCollider.cpp" />
    <ClCompile Include="src\myUtil\SprRectColliderManager.cpp" />
    <ClCompile Include="src\myUtil\TempRenderTargetChanger.cpp" />
    <ClCompile Include="src\myUtil\textureAnimator\textureAnimation.cpp" />
    <ClCompile Include="src\myUtil\textureAnimator\TextureAnimationEaser.cpp" />
    <ClCompile Include="src\myUtil\textureAnimator\TextureAnimationProcessor.cpp" />
    <ClCompile Include="src\myUtil\TextureAnimator.cpp" />
    <ClCompile Include="src\myUtil\TextureText.cpp" />
    <ClCompile Include="src\myUtil\Time.cpp" />
    <ClCompile Include="src\myUtil\UniqueCollection.cpp" />
    <ClCompile Include="src\myUtil\WeakCollection.cpp" />
    <ClCompile Include="src\GameProcess.cpp" />
    <ClCompile Include="src\myGame\ActorBase.cpp" />
    <ClCompile Include="src\myGame\Angle.cpp" />
    <ClCompile Include="src\myGame\AnimTest.cpp" />
    <ClCompile Include="src\myUtil\Boolean.cpp" />
    <ClCompile Include="src\myGame\character\BigTree.cpp" />
    <ClCompile Include="src\myGame\character\Carrot.cpp" />
    <ClCompile Include="src\myGame\character\Catfish.cpp" />
    <ClCompile Include="src\myGame\character\CharacterBase.cpp" />
    <ClCompile Include="src\myGame\character\CheckpointBlock.cpp" />
    <ClCompile Include="src\myGame\character\Fairy.cpp" />
    <ClCompile Include="src\myGame\character\GlassFloor.cpp" />
    <ClCompile Include="src\myGame\character\GrowingChick.cpp" />
    <ClCompile Include="src\myGame\character\MineFlower.cpp" />
    <ClCompile Include="src\myGame\character\MovableObjectLogic.cpp" />
    <ClCompile Include="src\myGame\character\PuniCat.cpp" />
    <ClCompile Include="src\myGame\character\SmallTree.cpp" />
    <ClCompile Include="src\myGame\character\SolidRock.cpp" />
    <ClCompile Include="src\myGame\character\SwitchAcorn.cpp" />
    <ClCompile Include="src\myGame\character\SwitchButton.cpp" />
    <ClCompile Include="src\myGame\character\WarpTile.cpp" />
    <ClCompile Include="src\myGame\character\WinTile.cpp" />
    <ClCompile Include="src\myGame\CharacterViewModel.cpp" />
    <ClCompile Include="src\myGame\effect\BurningFire.cpp" />
    <ClCompile Include="src\myGame\effect\GeoExplosion.cpp" />
    <ClCompile Include="src\myGame\effect\SakuraFormation.cpp" />
    <ClCompile Include="src\myGame\effect\ScatteredStar.cpp" />
    <ClCompile Include="src\myGame\effect\Smoke.cpp" />
    <ClCompile Include="src\myGame\effect\SpiritualController.cpp" />
    <ClCompile Include="src\myGame\effect\SpiritualElement.cpp" />
    <ClCompile Include="src\myGame\effect\TextureScrapping.cpp" />
    <ClCompile Include="src\myGame\effect\WarpLoops.cpp" />
    <ClCompile Include="src\myGame\EffectManager.cpp" />
    <ClCompile Include="src\myGame\field\FieldRenderer.cpp" />
    <ClCompile Include="src\myGame\field\StaticTileset.cpp" />
    <ClCompile Include="src\myGame\field\tileMap\ReadObjectInObjectGroup.cpp" />
    <ClCompile Include="src\myGame\field\tileMap\SummonCharacterByChip.cpp" />
    <ClCompile Include="src\myGame\field\TileMap.cpp" />
    <ClCompile Include="src\myGame\field\TileMapMatElement.cpp" />
    <ClCompile Include="src\myGame\FieldEventManager.cpp" />
    <ClCompile Include="src\myGame\FieldManager.cpp" />
    <ClCompile Include="src\myGame\FontTest.cpp" />
    <ClCompile Include="src\myGame\GameLooper.cpp" />
    <ClCompile Include="src\myGame\GameRoot.cpp" />
    <ClCompile Include="src\myUtil\IntCounter.cpp" />
    <ClCompile Include="src\myGame\LibraryTest.cpp" />
    <ClCompile Include="src\myGame\LuaEngine.cpp" />
    <ClCompile Include="src\myGame\MainScene.cpp" />
    <ClCompile Include="src\myGame\MatPos.cpp" />
    <ClCompile Include="src\myGame\MineFlowerClass.cpp" />
    <ClCompile Include="src\myGame\MineFlowerManager.cpp" />
    <ClCompile Include="src\myGame\NineAnchor.cpp" />
    <ClCompile Include="src\myGame\NinePatchImage.cpp" />
    <ClCompile Include="src\myGame\ParabolaAnimation.cpp" />
    <ClCompile Include="src\myGame\pixel.cpp" />
    <ClCompile Include="src\myGame\player\input.cpp" />
    <ClCompile Include="src\myGame\player\PlayerActionData.cpp" />
    <ClCompile Include="src\myGame\player\PlayerAnimation.cpp" />
    <ClCompile Include="src\myGame\player\PlayerMoveData.cpp" />
    <ClCompile Include="src\myGame\player\PlayerScroll.cpp" />
    <ClCompile Include="src\myGame\player\PlayerState.cpp" />
    <ClCompile Include="src\myGame\Player.cpp" />
    <ClCompile Include="src\myGame\PollFlag.cpp" />
    <ClCompile Include="src\myGame\RemainingMineUi.cpp" />
    <ClCompile Include="src\myGame\resource\Font.cpp" />
    <ClCompile Include="src\myGame\resource\Image.cpp" />
    <ClCompile Include="src\myGame\rx.cpp" />
    <ClCompile Include="src\myGame\ScrollManager.cpp" />
    <ClCompile Include="src\myGame\SimpleTextLabel.cpp" />
    <ClCompile Include="src\myGame\StageClearEvent.cpp" />
    <ClCompile Include="src\myGame\SteppedOnMineEvent.cpp" />
    <ClCompile Include="src\myGame\SwitchAcornManager.cpp" />
    <ClCompile Include="src\myGame\TalkingBalloon.cpp" />
    <ClCompile Include="src\myGame\test\EffectTest.cpp" />
    <ClCompile Include="src\myGame\test\FieldViewTest.cpp" />
    <ClCompile Include="src\myGame\TextPassage.cpp" />
    <ClCompile Include="src\myGame\title\MenuScene.cpp" />
    <ClCompile Include="src\myGame\title\PlusMinusSign.cpp" />
    <ClCompile Include="src\myGame\title\ScreenshotView.cpp" />
    <ClCompile Include="src\myGame\title\StageClearInfoView.cpp" />
    <ClCompile Include="src\myGame\title\StageContainer.cpp" />
    <ClCompile Include="src\myGame\title\StageView.cpp" />
    <ClCompile Include="src\myGame\title\TitleBackground.cpp" />
    <ClCompile Include="src\myGame\title\zParam.cpp" />
    <ClCompile Include="src\myUtil\UpFlag.cpp" />
    <ClCompile Include="src\myGame\util.cpp" />
    <ClCompile Include="src\myGame\WarpManager.cpp" />
    <ClCompile Include="src\myGame\ZIndex.cpp" />
    <ClCompile Include="src\main.cpp" />
    <ClCompile Include="src\myGame\field\renderBackmostGrass.cpp" />
    <ClCompile Include="src\myGame\InterludeCurtain.cpp" />
    <ClCompile Include="src\myGame\ScreenSweeper.cpp" />
    <ClCompile Include="src\myGame\DebugMetaInfoView.cpp" />
    <ClCompile Include="src\myGame\RetirementHelp.cpp" />
  </ItemGroup>
</Project>